
Microsoft Visual Studio Solution File, Format Version 12.00
# Visual Studio Version 16
VisualStudioVersion = 16.0.29209.62
MinimumVisualStudioVersion = 10.0.40219.1
Project("{FAE04EC0-301F-11D3-BF4B-00C04F79EFBC}") = "EPayments.Model", "EPayments.Model\EPayments.Model.csproj", "{95719963-7F57-4D51-B3F9-06FE06E113CA}"
EndProject
Project("{FAE04EC0-301F-11D3-BF4B-00C04F79EFBC}") = "EPayments.Common", "EPayments.Common\EPayments.Common.csproj", "{D2BEA422-44B9-4E04-8F38-D22944D97A39}"
EndProject
Project("{FAE04EC0-301F-11D3-BF4B-00C04F79EFBC}") = "EPayments.Data", "EPayments.Data\EPayments.Data.csproj", "{4537DC3C-F9D5-4926-AEDB-33C199599153}"
EndProject
Project("{FAE04EC0-301F-11D3-BF4B-00C04F79EFBC}") = "EPayments.EventRegister", "EPayments.EventRegister\EPayments.EventRegister.csproj", "{D85624AD-DFAD-402D-B4AC-4B5C92DC4026}"
EndProject
Project("{2150E333-8FDC-42A3-9474-1A3956D46DE8}") = "Solution Items", "Solution Items", "{AE3FB32B-A644-40D5-AA4A-9D16D344831C}"
	ProjectSection(SolutionItems) = preProject
		azure-pipelines.admin.yml = azure-pipelines.admin.yml
		azure-pipelines.web.yml = azure-pipelines.web.yml
	EndProjectSection
EndProject
Project("{FAE04EC0-301F-11D3-BF4B-00C04F79EFBC}") = "EPayments.Job.Host", "EPayments.Job.Host\EPayments.Job.Host.csproj", "{232D91D1-12F4-40D8-B27C-0E64EB0158BE}"
EndProject
Global
	GlobalSection(SolutionConfigurationPlatforms) = preSolution
		Debug|Any CPU = Debug|Any CPU
		Production|Any CPU = Production|Any CPU
		PublicTest|Any CPU = PublicTest|Any CPU
		Release|Any CPU = Release|Any CPU
		Stage|Any CPU = Stage|Any CPU
	EndGlobalSection
	GlobalSection(ProjectConfigurationPlatforms) = postSolution
		{95719963-7F57-4D51-B3F9-06FE06E113CA}.Debug|Any CPU.ActiveCfg = Debug|Any CPU
		{95719963-7F57-4D51-B3F9-06FE06E113CA}.Debug|Any CPU.Build.0 = Debug|Any CPU
		{95719963-7F57-4D51-B3F9-06FE06E113CA}.Production|Any CPU.ActiveCfg = Production|Any CPU
		{95719963-7F57-4D51-B3F9-06FE06E113CA}.Production|Any CPU.Build.0 = Production|Any CPU
		{95719963-7F57-4D51-B3F9-06FE06E113CA}.PublicTest|Any CPU.ActiveCfg = PublicTest|Any CPU
		{95719963-7F57-4D51-B3F9-06FE06E113CA}.PublicTest|Any CPU.Build.0 = PublicTest|Any CPU
		{95719963-7F57-4D51-B3F9-06FE06E113CA}.Release|Any CPU.ActiveCfg = Release|Any CPU
		{95719963-7F57-4D51-B3F9-06FE06E113CA}.Release|Any CPU.Build.0 = Release|Any CPU
		{95719963-7F57-4D51-B3F9-06FE06E113CA}.Stage|Any CPU.ActiveCfg = Stage|Any CPU
		{95719963-7F57-4D51-B3F9-06FE06E113CA}.Stage|Any CPU.Build.0 = Stage|Any CPU
		{D2BEA422-44B9-4E04-8F38-D22944D97A39}.Debug|Any CPU.ActiveCfg = Debug|Any CPU
		{D2BEA422-44B9-4E04-8F38-D22944D97A39}.Debug|Any CPU.Build.0 = Debug|Any CPU
		{D2BEA422-44B9-4E04-8F38-D22944D97A39}.Production|Any CPU.ActiveCfg = Production|Any CPU
		{D2BEA422-44B9-4E04-8F38-D22944D97A39}.Production|Any CPU.Build.0 = Production|Any CPU
		{D2BEA422-44B9-4E04-8F38-D22944D97A39}.PublicTest|Any CPU.ActiveCfg = PublicTest|Any CPU
		{D2BEA422-44B9-4E04-8F38-D22944D97A39}.PublicTest|Any CPU.Build.0 = PublicTest|Any CPU
		{D2BEA422-44B9-4E04-8F38-D22944D97A39}.Release|Any CPU.ActiveCfg = Release|Any CPU
		{D2BEA422-44B9-4E04-8F38-D22944D97A39}.Release|Any CPU.Build.0 = Release|Any CPU
		{D2BEA422-44B9-4E04-8F38-D22944D97A39}.Stage|Any CPU.ActiveCfg = Stage|Any CPU
		{D2BEA422-44B9-4E04-8F38-D22944D97A39}.Stage|Any CPU.Build.0 = Stage|Any CPU
		{4537DC3C-F9D5-4926-AEDB-33C199599153}.Debug|Any CPU.ActiveCfg = Debug|Any CPU
		{4537DC3C-F9D5-4926-AEDB-33C199599153}.Debug|Any CPU.Build.0 = Debug|Any CPU
		{4537DC3C-F9D5-4926-AEDB-33C199599153}.Production|Any CPU.ActiveCfg = Production|Any CPU
		{4537DC3C-F9D5-4926-AEDB-33C199599153}.Production|Any CPU.Build.0 = Production|Any CPU
		{4537DC3C-F9D5-4926-AEDB-33C199599153}.PublicTest|Any CPU.ActiveCfg = PublicTest|Any CPU
		{4537DC3C-F9D5-4926-AEDB-33C199599153}.PublicTest|Any CPU.Build.0 = PublicTest|Any CPU
		{4537DC3C-F9D5-4926-AEDB-33C199599153}.Release|Any CPU.ActiveCfg = Release|Any CPU
		{4537DC3C-F9D5-4926-AEDB-33C199599153}.Release|Any CPU.Build.0 = Release|Any CPU
		{4537DC3C-F9D5-4926-AEDB-33C199599153}.Stage|Any CPU.ActiveCfg = Stage|Any CPU
		{4537DC3C-F9D5-4926-AEDB-33C199599153}.Stage|Any CPU.Build.0 = Stage|Any CPU
		{D85624AD-DFAD-402D-B4AC-4B5C92DC4026}.Debug|Any CPU.ActiveCfg = Debug|Any CPU
		{D85624AD-DFAD-402D-B4AC-4B5C92DC4026}.Debug|Any CPU.Build.0 = Debug|Any CPU
		{D85624AD-DFAD-402D-B4AC-4B5C92DC4026}.Production|Any CPU.ActiveCfg = Production|Any CPU
		{D85624AD-DFAD-402D-B4AC-4B5C92DC4026}.Production|Any CPU.Build.0 = Production|Any CPU
		{D85624AD-DFAD-402D-B4AC-4B5C92DC4026}.PublicTest|Any CPU.ActiveCfg = PublicTest|Any CPU
		{D85624AD-DFAD-402D-B4AC-4B5C92DC4026}.PublicTest|Any CPU.Build.0 = PublicTest|Any CPU
		{D85624AD-DFAD-402D-B4AC-4B5C92DC4026}.Release|Any CPU.ActiveCfg = Release|Any CPU
		{D85624AD-DFAD-402D-B4AC-4B5C92DC4026}.Release|Any CPU.Build.0 = Release|Any CPU
		{D85624AD-DFAD-402D-B4AC-4B5C92DC4026}.Stage|Any CPU.ActiveCfg = Stage|Any CPU
		{D85624AD-DFAD-402D-B4AC-4B5C92DC4026}.Stage|Any CPU.Build.0 = Stage|Any CPU
		{232D91D1-12F4-40D8-B27C-0E64EB0158BE}.Debug|Any CPU.ActiveCfg = Debug|Any CPU
		{232D91D1-12F4-40D8-B27C-0E64EB0158BE}.Debug|Any CPU.Build.0 = Debug|Any CPU
		{232D91D1-12F4-40D8-B27C-0E64EB0158BE}.Production|Any CPU.ActiveCfg = Production|Any CPU
		{232D91D1-12F4-40D8-B27C-0E64EB0158BE}.Production|Any CPU.Build.0 = Production|Any CPU
		{232D91D1-12F4-40D8-B27C-0E64EB0158BE}.PublicTest|Any CPU.ActiveCfg = PublicTest|Any CPU
		{232D91D1-12F4-40D8-B27C-0E64EB0158BE}.PublicTest|Any CPU.Build.0 = PublicTest|Any CPU
		{232D91D1-12F4-40D8-B27C-0E64EB0158BE}.Release|Any CPU.ActiveCfg = Release|Any CPU
		{232D91D1-12F4-40D8-B27C-0E64EB0158BE}.Release|Any CPU.Build.0 = Release|Any CPU
		{232D91D1-12F4-40D8-B27C-0E64EB0158BE}.Stage|Any CPU.ActiveCfg = Stage|Any CPU
		{232D91D1-12F4-40D8-B27C-0E64EB0158BE}.Stage|Any CPU.Build.0 = Stage|Any CPU
	EndGlobalSection
	GlobalSection(SolutionProperties) = preSolution
		HideSolutionNode = FALSE
	EndGlobalSection
	GlobalSection(ExtensibilityGlobals) = postSolution
		SolutionGuid = {CF5ED45D-756E-4F6B-95CC-198BECF9602D}
	EndGlobalSection
EndGlobal
